
Microsoft Visual Studio Solution File, Format Version 12.00
# Visual Studio Version 17
VisualStudioVersion = 17.5.002.0
MinimumVisualStudioVersion = 10.0.40219.1
Project("{9A19103F-16F7-4668-BE54-9A1E7A4F7556}") = "Grocerly", "Grocerly.csproj", "{CD5F6DC4-E2BC-4B91-B865-C800C9F4AC91}"
EndProject
Global
	GlobalSection(SolutionConfigurationPlatforms) = preSolution
		Debug|Any CPU = Debug|Any CPU
		Release|Any CPU = Release|Any CPU
	EndGlobalSection
	GlobalSection(ProjectConfigurationPlatforms) = postSolution
		{CD5F6DC4-E2BC-4B91-B865-C800C9F4AC91}.Debug|Any CPU.ActiveCfg = Debug|Any CPU
		{CD5F6DC4-E2BC-4B91-B865-C800C9F4AC91}.Debug|Any CPU.Build.0 = Debug|Any CPU
		{CD5F6DC4-E2BC-4B91-B865-C800C9F4AC91}.Release|Any CPU.ActiveCfg = Release|Any CPU
		{CD5F6DC4-E2BC-4B91-B865-C800C9F4AC91}.Release|Any CPU.Build.0 = Release|Any CPU
	EndGlobalSection
	GlobalSection(SolutionProperties) = preSolution
		HideSolutionNode = FALSE
	EndGlobalSection
	GlobalSection(ExtensibilityGlobals) = postSolution
		SolutionGuid = {8DE91B47-C1AD-4531-A59C-551D100F0CB3}
	EndGlobalSection
EndGlobal
